{
  "lockfileVersion": 1,
  "workspaces": {
    "": {
      "name": "samengine",
      "dependencies": {
        "samengine": "^1.9.1",
      },
    },
  },
  "packages": {
    "samengine": ["samengine@1.9.1", "", {}, "sha512-wdgiE7IIm8j90dTxmOK23SrGt4+3ac3TywQkMS2Pf6VCavZZ4x0UqebmdtlXYUps091HFINYxoyD6uqwvFHbPA=="],
  }
}
