{
  "lockfileVersion": 1,
  "workspaces": {
    "": {
      "name": "samengine",
      "devDependencies": {
        "automatic-md-index": "^1.3.6",
      },
    },
  },
  "packages": {
    "automatic-md-index": ["automatic-md-index@1.3.6", "", { "bin": { "md-index": "dist/index.js" } }, "sha512-9D+zgYlK77d8uqwWjGYzjpawegVpHNHEhhWPjGLBzuwUVXUVAThFxU1+fS4TK0XKGvgWj0XQ4UE1GT82MJLdcQ=="],
  }
}
