{
  "name": "samengine-index",
  "version": "1.0.0",
  "lockfileVersion": 3,
  "requires": true,
  "packages": {
    "": {
      "name": "samengine-index",
      "version": "1.0.0",
      "dependencies": {
        "@shadowdara/seg": "^0.1.26"
      },
      "devDependencies": {
        "automatic-md-index": "^1.3.7",
        "samengine-cli": "^2.0.6"
      }
    },
    "node_modules/@shadowdara/seg": {
      "version": "0.1.26",
      "resolved": "https://registry.npmjs.org/@shadowdara/seg/-/seg-0.1.26.tgz",
      "integrity": "sha512-wGo08FTy1k42/xpzqxbk8XBKSLkvyFEYvwUvEj/kKTMbz4NZ54wi408PKqDn5QhueS+RK9Cp6tGTWJH16s9tvw==",
      "hasInstallScript": true,
      "bin": {
        "seg": "cli.js"
      }
    },
    "node_modules/automatic-md-index": {
      "version": "1.3.7",
      "resolved": "https://registry.npmjs.org/automatic-md-index/-/automatic-md-index-1.3.7.tgz",
      "integrity": "sha512-lrIUQtiyCoZLdpw/fGF1O0YHFjaTrIqDZvn51rf3Wbn/fN53h1F4kTAUNYlNnczUtMrKILr0XKc66B0rLw25sA==",
      "dev": true,
      "license": "MIT",
      "bin": {
        "md-index": "dist/index.js"
      }
    },
    "node_modules/samengine-cli": {
      "version": "2.0.6",
      "resolved": "https://registry.npmjs.org/samengine-cli/-/samengine-cli-2.0.6.tgz",
      "integrity": "sha512-D8XaN5uTbTnNpOG2QqxGDn1fB3Ur0y4WJYkzO9leVHakbOHOvsZkYhfAOzWe0Zc4ubyu5e14bayOHTcRkvfK2g==",
      "dev": true,
      "license": "MIT",
      "bin": {
        "sam-cli": "dist/cli/index.js"
      }
    }
  }
}
