{
  "name": "samengine-index",
  "version": "1.0.0",
  "lockfileVersion": 3,
  "requires": true,
  "packages": {
    "": {
      "name": "samengine-index",
      "version": "1.0.0",
      "devDependencies": {
        "automatic-md-index": "^1.3.6"
      }
    },
    "node_modules/automatic-md-index": {
      "version": "1.3.6",
      "resolved": "https://registry.npmjs.org/automatic-md-index/-/automatic-md-index-1.3.6.tgz",
      "integrity": "sha512-9D+zgYlK77d8uqwWjGYzjpawegVpHNHEhhWPjGLBzuwUVXUVAThFxU1+fS4TK0XKGvgWj0XQ4UE1GT82MJLdcQ==",
      "dev": true,
      "license": "MIT",
      "bin": {
        "md-index": "dist/index.js"
      }
    }
  }
}
