{
  "name": "minisite-md",
  "version": "1.0.0",
  "lockfileVersion": 3,
  "requires": true,
  "packages": {
    "": {
      "name": "minisite-md",
      "version": "1.0.0",
      "license": "ISC",
      "dependencies": {
        "samengine-cli": "file:/../../packages/samengine-cli"
      }
    },
    "../../packages/samengine-cli": {
      "version": "2.0.0",
      "license": "MIT",
      "bin": {
        "sam-cli": "dist/cli/index.js"
      },
      "devDependencies": {
        "@types/node": "^25.5.2",
        "typescript": "^6.0.2"
      }
    },
    "node_modules/samengine-cli": {
      "resolved": "../../packages/samengine-cli",
      "link": true
    }
  }
}
